// !$*UTF8*$!
{
	archiveVersion = 1;
	classes = {
	};
	objectVersion = 56;
	objects = {

/* Begin PBXBuildFile section */
		142A49A32A78CE9C00D53145 /* GoogleService-Info.plist in Resources */ = {isa = PBXBuildFile; fileRef = 142A49A22A78CE9C00D53145 /* GoogleService-Info.plist */; };
		142A49A62A78D24D00D53145 /* FirebaseAnalytics in Frameworks */ = {isa = PBXBuildFile; productRef = 142A49A52A78D24D00D53145 /* FirebaseAnalytics */; };
		142A49A82A78D24D00D53145 /* FirebaseAnalyticsOnDeviceConversion in Frameworks */ = {isa = PBXBuildFile; productRef = 142A49A72A78D24D00D53145 /* FirebaseAnalyticsOnDeviceConversion */; };
		142A49AA2A78D24D00D53145 /* FirebaseAnalyticsSwift in Frameworks */ = {isa = PBXBuildFile; productRef = 142A49A92A78D24D00D53145 /* FirebaseAnalyticsSwift */; };
		142A49AC2A78D24D00D53145 /* FirebaseAnalyticsWithoutAdIdSupport in Frameworks */ = {isa = PBXBuildFile; productRef = 142A49AB2A78D24D00D53145 /* FirebaseAnalyticsWithoutAdIdSupport */; };
		142A49AE2A78D24D00D53145 /* FirebaseAppCheck in Frameworks */ = {isa = PBXBuildFile; productRef = 142A49AD2A78D24D00D53145 /* FirebaseAppCheck */; };
		142A49B02A78D24D00D53145 /* FirebaseAppDistribution-Beta in Frameworks */ = {isa = PBXBuildFile; productRef = 142A49AF2A78D24D00D53145 /* FirebaseAppDistribution-Beta */; };
		142A49B22A78D24D00D53145 /* FirebaseAuth in Frameworks */ = {isa = PBXBuildFile; productRef = 142A49B12A78D24D00D53145 /* FirebaseAuth */; };
		142A49B42A78D24D00D53145 /* FirebaseAuthCombine-Community in Frameworks */ = {isa = PBXBuildFile; productRef = 142A49B32A78D24D00D53145 /* FirebaseAuthCombine-Community */; };
		142A49B62A78D24D00D53145 /* FirebaseCrashlytics in Frameworks */ = {isa = PBXBuildFile; productRef = 142A49B52A78D24D00D53145 /* FirebaseCrashlytics */; };
		142A49B82A78D24D00D53145 /* FirebaseDatabase in Frameworks */ = {isa = PBXBuildFile; productRef = 142A49B72A78D24D00D53145 /* FirebaseDatabase */; };
		142A49BA2A78D24D00D53145 /* FirebaseDatabaseSwift in Frameworks */ = {isa = PBXBuildFile; productRef = 142A49B92A78D24D00D53145 /* FirebaseDatabaseSwift */; };
		142A49BC2A78D24D00D53145 /* FirebaseDynamicLinks in Frameworks */ = {isa = PBXBuildFile; productRef = 142A49BB2A78D24D00D53145 /* FirebaseDynamicLinks */; };
		142A49BE2A78D24D00D53145 /* FirebaseFirestore in Frameworks */ = {isa = PBXBuildFile; productRef = 142A49BD2A78D24D00D53145 /* FirebaseFirestore */; };
		142A49C02A78D24D00D53145 /* FirebaseFirestoreCombine-Community in Frameworks */ = {isa = PBXBuildFile; productRef = 142A49BF2A78D24D00D53145 /* FirebaseFirestoreCombine-Community */; };
		142A49C22A78D24D00D53145 /* FirebaseFirestoreSwift in Frameworks */ = {isa = PBXBuildFile; productRef = 142A49C12A78D24D00D53145 /* FirebaseFirestoreSwift */; };
		142A49C42A78D24D00D53145 /* FirebaseFunctions in Frameworks */ = {isa = PBXBuildFile; productRef = 142A49C32A78D24D00D53145 /* FirebaseFunctions */; };
		142A49C62A78D24D00D53145 /* FirebaseFunctionsCombine-Community in Frameworks */ = {isa = PBXBuildFile; productRef = 142A49C52A78D24D00D53145 /* FirebaseFunctionsCombine-Community */; };
		142A49C82A78D24D00D53145 /* FirebaseInAppMessaging-Beta in Frameworks */ = {isa = PBXBuildFile; productRef = 142A49C72A78D24D00D53145 /* FirebaseInAppMessaging-Beta */; };
		142A49CA2A78D24D00D53145 /* FirebaseInAppMessagingSwift-Beta in Frameworks */ = {isa = PBXBuildFile; productRef = 142A49C92A78D24D00D53145 /* FirebaseInAppMessagingSwift-Beta */; };
		142A49CC2A78D24D00D53145 /* FirebaseInstallations in Frameworks */ = {isa = PBXBuildFile; productRef = 142A49CB2A78D24D00D53145 /* FirebaseInstallations */; };
		142A49CE2A78D24D00D53145 /* FirebaseMLModelDownloader in Frameworks */ = {isa = PBXBuildFile; productRef = 142A49CD2A78D24D00D53145 /* FirebaseMLModelDownloader */; };
		142A49D02A78D24D00D53145 /* FirebaseMessaging in Frameworks */ = {isa = PBXBuildFile; productRef = 142A49CF2A78D24D00D53145 /* FirebaseMessaging */; };
		142A49D22A78D24D00D53145 /* FirebasePerformance in Frameworks */ = {isa = PBXBuildFile; productRef = 142A49D12A78D24D00D53145 /* FirebasePerformance */; };
		142A49D42A78D24D00D53145 /* FirebaseRemoteConfig in Frameworks */ = {isa = PBXBuildFile; productRef = 142A49D32A78D24D00D53145 /* FirebaseRemoteConfig */; };
		142A49D62A78D24D00D53145 /* FirebaseRemoteConfigSwift in Frameworks */ = {isa = PBXBuildFile; productRef = 142A49D52A78D24D00D53145 /* FirebaseRemoteConfigSwift */; };
		142A49D82A78D24D00D53145 /* FirebaseStorage in Frameworks */ = {isa = PBXBuildFile; productRef = 142A49D72A78D24D00D53145 /* FirebaseStorage */; };
		142A49DA2A78D24D00D53145 /* FirebaseStorageCombine-Community in Frameworks */ = {isa = PBXBuildFile; productRef = 142A49D92A78D24D00D53145 /* FirebaseStorageCombine-Community */; };
		143AA0CE2A7A38CA0067A7A8 /* Extension.swift in Sources */ = {isa = PBXBuildFile; fileRef = 143AA0CD2A7A38CA0067A7A8 /* Extension.swift */; };
		147C73072A8482F90004B756 /* IGFeedPostTableViewCell.swift in Sources */ = {isa = PBXBuildFile; fileRef = 147C73062A8482F90004B756 /* IGFeedPostTableViewCell.swift */; };
		147C730A2A84864C0004B756 /* IGFeedPostHeaderTableViewCell.swift in Sources */ = {isa = PBXBuildFile; fileRef = 147C73092A84864C0004B756 /* IGFeedPostHeaderTableViewCell.swift */; };
		147C730C2A8486870004B756 /* IGFeedPostActionsTableViewCell.swift in Sources */ = {isa = PBXBuildFile; fileRef = 147C730B2A8486870004B756 /* IGFeedPostActionsTableViewCell.swift */; };
		147C730E2A8486B80004B756 /* IGFeedPostGeneralTableViewCell.swift in Sources */ = {isa = PBXBuildFile; fileRef = 147C730D2A8486B80004B756 /* IGFeedPostGeneralTableViewCell.swift */; };
		147D35C12A77D6A8007E55D4 /* AppDelegate.swift in Sources */ = {isa = PBXBuildFile; fileRef = 147D35C02A77D6A8007E55D4 /* AppDelegate.swift */; };
		147D35C32A77D6A8007E55D4 /* SceneDelegate.swift in Sources */ = {isa = PBXBuildFile; fileRef = 147D35C22A77D6A8007E55D4 /* SceneDelegate.swift */; };
		147D35C52A77D6A8007E55D4 /* HomeViewController.swift in Sources */ = {isa = PBXBuildFile; fileRef = 147D35C42A77D6A8007E55D4 /* HomeViewController.swift */; };
		147D35C82A77D6A8007E55D4 /* Main.storyboard in Resources */ = {isa = PBXBuildFile; fileRef = 147D35C62A77D6A8007E55D4 /* Main.storyboard */; };
		147D35CA2A77D6A8007E55D4 /* Assets.xcassets in Resources */ = {isa = PBXBuildFile; fileRef = 147D35C92A77D6A8007E55D4 /* Assets.xcassets */; };
		147D35CD2A77D6A8007E55D4 /* LaunchScreen.storyboard in Resources */ = {isa = PBXBuildFile; fileRef = 147D35CB2A77D6A8007E55D4 /* LaunchScreen.storyboard */; };
		147D35DB2A77DC93007E55D4 /* ExploreViewController.swift in Sources */ = {isa = PBXBuildFile; fileRef = 147D35DA2A77DC93007E55D4 /* ExploreViewController.swift */; };
		147D35DD2A77DCC7007E55D4 /* CameraViewController.swift in Sources */ = {isa = PBXBuildFile; fileRef = 147D35DC2A77DCC7007E55D4 /* CameraViewController.swift */; };
		147D35DF2A77DCDF007E55D4 /* NotificationViewController.swift in Sources */ = {isa = PBXBuildFile; fileRef = 147D35DE2A77DCDF007E55D4 /* NotificationViewController.swift */; };
		147D35E12A77DCEF007E55D4 /* ProfileViewController.swift in Sources */ = {isa = PBXBuildFile; fileRef = 147D35E02A77DCEF007E55D4 /* ProfileViewController.swift */; };
		147D35E52A77DDDA007E55D4 /* LoginViewController.swift in Sources */ = {isa = PBXBuildFile; fileRef = 147D35E42A77DDDA007E55D4 /* LoginViewController.swift */; };
		147D35E72A77DDF6007E55D4 /* RegistrationViewController.swift in Sources */ = {isa = PBXBuildFile; fileRef = 147D35E62A77DDF6007E55D4 /* RegistrationViewController.swift */; };
		147D35E92A77DE33007E55D4 /* PostViewController.swift in Sources */ = {isa = PBXBuildFile; fileRef = 147D35E82A77DE33007E55D4 /* PostViewController.swift */; };
		147D35EC2A77DEE6007E55D4 /* EditProfileViewController.swift in Sources */ = {isa = PBXBuildFile; fileRef = 147D35EB2A77DEE6007E55D4 /* EditProfileViewController.swift */; };
		147D35EE2A77DEFE007E55D4 /* SettingViewController.swift in Sources */ = {isa = PBXBuildFile; fileRef = 147D35ED2A77DEFE007E55D4 /* SettingViewController.swift */; };
		147D35F02A77DF09007E55D4 /* ListViewController.swift in Sources */ = {isa = PBXBuildFile; fileRef = 147D35EF2A77DF09007E55D4 /* ListViewController.swift */; };
		147D35F22A77DF26007E55D4 /* SearchViewController.swift in Sources */ = {isa = PBXBuildFile; fileRef = 147D35F12A77DF26007E55D4 /* SearchViewController.swift */; };
		147D35F42A77DF33007E55D4 /* SearchResultViewController.swift in Sources */ = {isa = PBXBuildFile; fileRef = 147D35F32A77DF33007E55D4 /* SearchResultViewController.swift */; };
		147D35F62A77DF84007E55D4 /* PostEditerViewController.swift in Sources */ = {isa = PBXBuildFile; fileRef = 147D35F52A77DF84007E55D4 /* PostEditerViewController.swift */; };
		147D35F82A77DF91007E55D4 /* PublishPostViewController.swift in Sources */ = {isa = PBXBuildFile; fileRef = 147D35F72A77DF91007E55D4 /* PublishPostViewController.swift */; };
		148354A62A89FBE900BE2D0C /* FormTableViewCell.swift in Sources */ = {isa = PBXBuildFile; fileRef = 148354A52A89FBE900BE2D0C /* FormTableViewCell.swift */; };
		148354A92A8A0DCC00BE2D0C /* PhotoCollectionViewCell.swift in Sources */ = {isa = PBXBuildFile; fileRef = 148354A82A8A0DCC00BE2D0C /* PhotoCollectionViewCell.swift */; };
		148354AB2A8A0E3300BE2D0C /* ProfileInfoHeaderCollectionReusableView.swift in Sources */ = {isa = PBXBuildFile; fileRef = 148354AA2A8A0E3300BE2D0C /* ProfileInfoHeaderCollectionReusableView.swift */; };
		148354AD2A8A0E6400BE2D0C /* ProfileTabsCollectionReusableView.swift in Sources */ = {isa = PBXBuildFile; fileRef = 148354AC2A8A0E6400BE2D0C /* ProfileTabsCollectionReusableView.swift */; };
		14FDBA8C2A794AD900F596B7 /* DatabaseManager.swift in Sources */ = {isa = PBXBuildFile; fileRef = 14FDBA8B2A794AD900F596B7 /* DatabaseManager.swift */; };
		14FDBA8E2A794C2D00F596B7 /* AuthManager.swift in Sources */ = {isa = PBXBuildFile; fileRef = 14FDBA8D2A794C2D00F596B7 /* AuthManager.swift */; };
		14FDBA922A794CA300F596B7 /* StorageManager.swift in Sources */ = {isa = PBXBuildFile; fileRef = 14FDBA912A794CA300F596B7 /* StorageManager.swift */; };
/* End PBXBuildFile section */

/* Begin PBXFileReference section */
		142A49A22A78CE9C00D53145 /* GoogleService-Info.plist */ = {isa = PBXFileReference; fileEncoding = 4; lastKnownFileType = text.plist.xml; path = "GoogleService-Info.plist"; sourceTree = "<group>"; };
		143AA0CD2A7A38CA0067A7A8 /* Extension.swift */ = {isa = PBXFileReference; lastKnownFileType = sourcecode.swift; path = Extension.swift; sourceTree = "<group>"; };
		147C73062A8482F90004B756 /* IGFeedPostTableViewCell.swift */ = {isa = PBXFileReference; lastKnownFileType = sourcecode.swift; path = IGFeedPostTableViewCell.swift; sourceTree = "<group>"; };
		147C73092A84864C0004B756 /* IGFeedPostHeaderTableViewCell.swift */ = {isa = PBXFileReference; lastKnownFileType = sourcecode.swift; path = IGFeedPostHeaderTableViewCell.swift; sourceTree = "<group>"; };
		147C730B2A8486870004B756 /* IGFeedPostActionsTableViewCell.swift */ = {isa = PBXFileReference; lastKnownFileType = sourcecode.swift; path = IGFeedPostActionsTableViewCell.swift; sourceTree = "<group>"; };
		147C730D2A8486B80004B756 /* IGFeedPostGeneralTableViewCell.swift */ = {isa = PBXFileReference; lastKnownFileType = sourcecode.swift; path = IGFeedPostGeneralTableViewCell.swift; sourceTree = "<group>"; };
		147D35BD2A77D6A8007E55D4 /* instagram.app */ = {isa = PBXFileReference; explicitFileType = wrapper.application; includeInIndex = 0; path = instagram.app; sourceTree = BUILT_PRODUCTS_DIR; };
		147D35C02A77D6A8007E55D4 /* AppDelegate.swift */ = {isa = PBXFileReference; lastKnownFileType = sourcecode.swift; path = AppDelegate.swift; sourceTree = "<group>"; };
		147D35C22A77D6A8007E55D4 /* SceneDelegate.swift */ = {isa = PBXFileReference; lastKnownFileType = sourcecode.swift; path = SceneDelegate.swift; sourceTree = "<group>"; };
		147D35C42A77D6A8007E55D4 /* HomeViewController.swift */ = {isa = PBXFileReference; lastKnownFileType = sourcecode.swift; path = HomeViewController.swift; sourceTree = "<group>"; };
		147D35C72A77D6A8007E55D4 /* Base */ = {isa = PBXFileReference; lastKnownFileType = file.storyboard; name = Base; path = Base.lproj/Main.storyboard; sourceTree = "<group>"; };
		147D35C92A77D6A8007E55D4 /* Assets.xcassets */ = {isa = PBXFileReference; lastKnownFileType = folder.assetcatalog; path = Assets.xcassets; sourceTree = "<group>"; };
		147D35CC2A77D6A8007E55D4 /* Base */ = {isa = PBXFileReference; lastKnownFileType = file.storyboard; name = Base; path = Base.lproj/LaunchScreen.storyboard; sourceTree = "<group>"; };
		147D35CE2A77D6A8007E55D4 /* Info.plist */ = {isa = PBXFileReference; lastKnownFileType = text.plist.xml; path = Info.plist; sourceTree = "<group>"; };
		147D35DA2A77DC93007E55D4 /* ExploreViewController.swift */ = {isa = PBXFileReference; lastKnownFileType = sourcecode.swift; path = ExploreViewController.swift; sourceTree = "<group>"; };
		147D35DC2A77DCC7007E55D4 /* CameraViewController.swift */ = {isa = PBXFileReference; lastKnownFileType = sourcecode.swift; path = CameraViewController.swift; sourceTree = "<group>"; };
		147D35DE2A77DCDF007E55D4 /* NotificationViewController.swift */ = {isa = PBXFileReference; lastKnownFileType = sourcecode.swift; path = NotificationViewController.swift; sourceTree = "<group>"; };
		147D35E02A77DCEF007E55D4 /* ProfileViewController.swift */ = {isa = PBXFileReference; lastKnownFileType = sourcecode.swift; path = ProfileViewController.swift; sourceTree = "<group>"; };
		147D35E42A77DDDA007E55D4 /* LoginViewController.swift */ = {isa = PBXFileReference; lastKnownFileType = sourcecode.swift; path = LoginViewController.swift; sourceTree = "<group>"; };
		147D35E62A77DDF6007E55D4 /* RegistrationViewController.swift */ = {isa = PBXFileReference; lastKnownFileType = sourcecode.swift; path = RegistrationViewController.swift; sourceTree = "<group>"; };
		147D35E82A77DE33007E55D4 /* PostViewController.swift */ = {isa = PBXFileReference; lastKnownFileType = sourcecode.swift; path = PostViewController.swift; sourceTree = "<group>"; };
		147D35EB2A77DEE6007E55D4 /* EditProfileViewController.swift */ = {isa = PBXFileReference; lastKnownFileType = sourcecode.swift; path = EditProfileViewController.swift; sourceTree = "<group>"; };
		147D35ED2A77DEFE007E55D4 /* SettingViewController.swift */ = {isa = PBXFileReference; lastKnownFileType = sourcecode.swift; path = SettingViewController.swift; sourceTree = "<group>"; };
		147D35EF2A77DF09007E55D4 /* ListViewController.swift */ = {isa = PBXFileReference; lastKnownFileType = sourcecode.swift; path = ListViewController.swift; sourceTree = "<group>"; };
		147D35F12A77DF26007E55D4 /* SearchViewController.swift */ = {isa = PBXFileReference; lastKnownFileType = sourcecode.swift; path = SearchViewController.swift; sourceTree = "<group>"; };
		147D35F32A77DF33007E55D4 /* SearchResultViewController.swift */ = {isa = PBXFileReference; lastKnownFileType = sourcecode.swift; path = SearchResultViewController.swift; sourceTree = "<group>"; };
		147D35F52A77DF84007E55D4 /* PostEditerViewController.swift */ = {isa = PBXFileReference; lastKnownFileType = sourcecode.swift; path = PostEditerViewController.swift; sourceTree = "<group>"; };
		147D35F72A77DF91007E55D4 /* PublishPostViewController.swift */ = {isa = PBXFileReference; lastKnownFileType = sourcecode.swift; path = PublishPostViewController.swift; sourceTree = "<group>"; };
		148354A52A89FBE900BE2D0C /* FormTableViewCell.swift */ = {isa = PBXFileReference; lastKnownFileType = sourcecode.swift; path = FormTableViewCell.swift; sourceTree = "<group>"; };
		148354A82A8A0DCC00BE2D0C /* PhotoCollectionViewCell.swift */ = {isa = PBXFileReference; lastKnownFileType = sourcecode.swift; path = PhotoCollectionViewCell.swift; sourceTree = "<group>"; };
		148354AA2A8A0E3300BE2D0C /* ProfileInfoHeaderCollectionReusableView.swift */ = {isa = PBXFileReference; lastKnownFileType = sourcecode.swift; path = ProfileInfoHeaderCollectionReusableView.swift; sourceTree = "<group>"; };
		148354AC2A8A0E6400BE2D0C /* ProfileTabsCollectionReusableView.swift */ = {isa = PBXFileReference; lastKnownFileType = sourcecode.swift; path = ProfileTabsCollectionReusableView.swift; sourceTree = "<group>"; };
		14FDBA8B2A794AD900F596B7 /* DatabaseManager.swift */ = {isa = PBXFileReference; lastKnownFileType = sourcecode.swift; path = DatabaseManager.swift; sourceTree = "<group>"; };
		14FDBA8D2A794C2D00F596B7 /* AuthManager.swift */ = {isa = PBXFileReference; lastKnownFileType = sourcecode.swift; path = AuthManager.swift; sourceTree = "<group>"; };
		14FDBA912A794CA300F596B7 /* StorageManager.swift */ = {isa = PBXFileReference; lastKnownFileType = sourcecode.swift; path = StorageManager.swift; sourceTree = "<group>"; };
/* End PBXFileReference section */

/* Begin PBXFrameworksBuildPhase section */
		147D35BA2A77D6A8007E55D4 /* Frameworks */ = {
			isa = PBXFrameworksBuildPhase;
			buildActionMask = 2147483647;
			files = (
				142A49C42A78D24D00D53145 /* FirebaseFunctions in Frameworks */,
				142A49BA2A78D24D00D53145 /* FirebaseDatabaseSwift in Frameworks */,
				142A49CA2A78D24D00D53145 /* FirebaseInAppMessagingSwift-Beta in Frameworks */,
				142A49D02A78D24D00D53145 /* FirebaseMessaging in Frameworks */,
				142A49B02A78D24D00D53145 /* FirebaseAppDistribution-Beta in Frameworks */,
				142A49B42A78D24D00D53145 /* FirebaseAuthCombine-Community in Frameworks */,
				142A49C02A78D24D00D53145 /* FirebaseFirestoreCombine-Community in Frameworks */,
				142A49AA2A78D24D00D53145 /* FirebaseAnalyticsSwift in Frameworks */,
				142A49CE2A78D24D00D53145 /* FirebaseMLModelDownloader in Frameworks */,
				142A49AC2A78D24D00D53145 /* FirebaseAnalyticsWithoutAdIdSupport in Frameworks */,
				142A49A62A78D24D00D53145 /* FirebaseAnalytics in Frameworks */,
				142A49C22A78D24D00D53145 /* FirebaseFirestoreSwift in Frameworks */,
				142A49A82A78D24D00D53145 /* FirebaseAnalyticsOnDeviceConversion in Frameworks */,
				142A49AE2A78D24D00D53145 /* FirebaseAppCheck in Frameworks */,
				142A49D22A78D24D00D53145 /* FirebasePerformance in Frameworks */,
				142A49C82A78D24D00D53145 /* FirebaseInAppMessaging-Beta in Frameworks */,
				142A49C62A78D24D00D53145 /* FirebaseFunctionsCombine-Community in Frameworks */,
				142A49B62A78D24D00D53145 /* FirebaseCrashlytics in Frameworks */,
				142A49CC2A78D24D00D53145 /* FirebaseInstallations in Frameworks */,
				142A49D42A78D24D00D53145 /* FirebaseRemoteConfig in Frameworks */,
				142A49D82A78D24D00D53145 /* FirebaseStorage in Frameworks */,
				142A49B82A78D24D00D53145 /* FirebaseDatabase in Frameworks */,
				142A49DA2A78D24D00D53145 /* FirebaseStorageCombine-Community in Frameworks */,
				142A49B22A78D24D00D53145 /* FirebaseAuth in Frameworks */,
				142A49BC2A78D24D00D53145 /* FirebaseDynamicLinks in Frameworks */,
				142A49BE2A78D24D00D53145 /* FirebaseFirestore in Frameworks */,
				142A49D62A78D24D00D53145 /* FirebaseRemoteConfigSwift in Frameworks */,
			);
			runOnlyForDeploymentPostprocessing = 0;
		};
/* End PBXFrameworksBuildPhase section */

/* Begin PBXGroup section */
		147C73052A8482A00004B756 /* Cells */ = {
			isa = PBXGroup;
			children = (
				147C73082A8486060004B756 /* Home Feed */,
				148354A52A89FBE900BE2D0C /* FormTableViewCell.swift */,
				148354A82A8A0DCC00BE2D0C /* PhotoCollectionViewCell.swift */,
			);
			path = Cells;
			sourceTree = "<group>";
		};
		147C73082A8486060004B756 /* Home Feed */ = {
			isa = PBXGroup;
			children = (
				147C73062A8482F90004B756 /* IGFeedPostTableViewCell.swift */,
				147C73092A84864C0004B756 /* IGFeedPostHeaderTableViewCell.swift */,
				147C730B2A8486870004B756 /* IGFeedPostActionsTableViewCell.swift */,
				147C730D2A8486B80004B756 /* IGFeedPostGeneralTableViewCell.swift */,
			);
			path = "Home Feed";
			sourceTree = "<group>";
		};
		147D35B42A77D6A8007E55D4 = {
			isa = PBXGroup;
			children = (
				147D35BF2A77D6A8007E55D4 /* instagram */,
				147D35BE2A77D6A8007E55D4 /* Products */,
			);
			sourceTree = "<group>";
		};
		147D35BE2A77D6A8007E55D4 /* Products */ = {
			isa = PBXGroup;
			children = (
				147D35BD2A77D6A8007E55D4 /* instagram.app */,
			);
			name = Products;
			sourceTree = "<group>";
		};
		147D35BF2A77D6A8007E55D4 /* instagram */ = {
			isa = PBXGroup;
			children = (
				147D35D82A77D90C007E55D4 /* Resources */,
				147D35D72A77D8FA007E55D4 /* Models */,
				147D35D62A77D7A7007E55D4 /* Views */,
				147D35D52A77D75C007E55D4 /* Controllers */,
				147D35CE2A77D6A8007E55D4 /* Info.plist */,
			);
			path = instagram;
			sourceTree = "<group>";
		};
		147D35D52A77D75C007E55D4 /* Controllers */ = {
			isa = PBXGroup;
			children = (
				147D35E32A77DDA5007E55D4 /* Other */,
				147D35E22A77DD23007E55D4 /* CoreTabs */,
			);
			path = Controllers;
			sourceTree = "<group>";
		};
		147D35D62A77D7A7007E55D4 /* Views */ = {
			isa = PBXGroup;
			children = (
				148354A72A8A0D5700BE2D0C /* CollectionView Headers */,
				147C73052A8482A00004B756 /* Cells */,
				147D35C92A77D6A8007E55D4 /* Assets.xcassets */,
				147D35D92A77D96E007E55D4 /* Storyboards */,
			);
			path = Views;
			sourceTree = "<group>";
		};
		147D35D72A77D8FA007E55D4 /* Models */ = {
			isa = PBXGroup;
			children = (
			);
			path = Models;
			sourceTree = "<group>";
		};
		147D35D82A77D90C007E55D4 /* Resources */ = {
			isa = PBXGroup;
			children = (
				147D35C02A77D6A8007E55D4 /* AppDelegate.swift */,
				142A49A22A78CE9C00D53145 /* GoogleService-Info.plist */,
				147D35C22A77D6A8007E55D4 /* SceneDelegate.swift */,
				14FDBA8B2A794AD900F596B7 /* DatabaseManager.swift */,
				14FDBA8D2A794C2D00F596B7 /* AuthManager.swift */,
				14FDBA912A794CA300F596B7 /* StorageManager.swift */,
				143AA0CD2A7A38CA0067A7A8 /* Extension.swift */,
			);
			path = Resources;
			sourceTree = "<group>";
		};
		147D35D92A77D96E007E55D4 /* Storyboards */ = {
			isa = PBXGroup;
			children = (
				147D35C62A77D6A8007E55D4 /* Main.storyboard */,
				147D35CB2A77D6A8007E55D4 /* LaunchScreen.storyboard */,
			);
			path = Storyboards;
			sourceTree = "<group>";
		};
		147D35E22A77DD23007E55D4 /* CoreTabs */ = {
			isa = PBXGroup;
			children = (
				147D35DC2A77DCC7007E55D4 /* CameraViewController.swift */,
				147D35DE2A77DCDF007E55D4 /* NotificationViewController.swift */,
				147D35E02A77DCEF007E55D4 /* ProfileViewController.swift */,
				147D35C42A77D6A8007E55D4 /* HomeViewController.swift */,
				147D35DA2A77DC93007E55D4 /* ExploreViewController.swift */,
			);
			path = CoreTabs;
			sourceTree = "<group>";
		};
		147D35E32A77DDA5007E55D4 /* Other */ = {
			isa = PBXGroup;
			children = (
				147D35EA2A77DE89007E55D4 /* Onboarding */,
				14FDBA8A2A7949D000F596B7 /* General */,
			);
			path = Other;
			sourceTree = "<group>";
		};
		147D35EA2A77DE89007E55D4 /* Onboarding */ = {
			isa = PBXGroup;
			children = (
				147D35E42A77DDDA007E55D4 /* LoginViewController.swift */,
				147D35E62A77DDF6007E55D4 /* RegistrationViewController.swift */,
			);
			path = Onboarding;
			sourceTree = "<group>";
		};
		148354A72A8A0D5700BE2D0C /* CollectionView Headers */ = {
			isa = PBXGroup;
			children = (
				148354AA2A8A0E3300BE2D0C /* ProfileInfoHeaderCollectionReusableView.swift */,
				148354AC2A8A0E6400BE2D0C /* ProfileTabsCollectionReusableView.swift */,
			);
			path = "CollectionView Headers";
			sourceTree = "<group>";
		};
		14FDBA8A2A7949D000F596B7 /* General */ = {
			isa = PBXGroup;
			children = (
				147D35E82A77DE33007E55D4 /* PostViewController.swift */,
				147D35EB2A77DEE6007E55D4 /* EditProfileViewController.swift */,
				147D35ED2A77DEFE007E55D4 /* SettingViewController.swift */,
				147D35EF2A77DF09007E55D4 /* ListViewController.swift */,
				147D35F12A77DF26007E55D4 /* SearchViewController.swift */,
				147D35F32A77DF33007E55D4 /* SearchResultViewController.swift */,
				147D35F52A77DF84007E55D4 /* PostEditerViewController.swift */,
				147D35F72A77DF91007E55D4 /* PublishPostViewController.swift */,
			);
			path = General;
			sourceTree = "<group>";
		};
/* End PBXGroup section */

/* Begin PBXNativeTarget section */
		147D35BC2A77D6A8007E55D4 /* instagram */ = {
			isa = PBXNativeTarget;
			buildConfigurationList = 147D35D12A77D6A8007E55D4 /* Build configuration list for PBXNativeTarget "instagram" */;
			buildPhases = (
				147D35B92A77D6A8007E55D4 /* Sources */,
				147D35BA2A77D6A8007E55D4 /* Frameworks */,
				147D35BB2A77D6A8007E55D4 /* Resources */,
			);
			buildRules = (
			);
			dependencies = (
			);
			name = instagram;
			packageProductDependencies = (
				142A49A52A78D24D00D53145 /* FirebaseAnalytics */,
				142A49A72A78D24D00D53145 /* FirebaseAnalyticsOnDeviceConversion */,
				142A49A92A78D24D00D53145 /* FirebaseAnalyticsSwift */,
				142A49AB2A78D24D00D53145 /* FirebaseAnalyticsWithoutAdIdSupport */,
				142A49AD2A78D24D00D53145 /* FirebaseAppCheck */,
				142A49AF2A78D24D00D53145 /* FirebaseAppDistribution-Beta */,
				142A49B12A78D24D00D53145 /* FirebaseAuth */,
				142A49B32A78D24D00D53145 /* FirebaseAuthCombine-Community */,
				142A49B52A78D24D00D53145 /* FirebaseCrashlytics */,
				142A49B72A78D24D00D53145 /* FirebaseDatabase */,
				142A49B92A78D24D00D53145 /* FirebaseDatabaseSwift */,
				142A49BB2A78D24D00D53145 /* FirebaseDynamicLinks */,
				142A49BD2A78D24D00D53145 /* FirebaseFirestore */,
				142A49BF2A78D24D00D53145 /* FirebaseFirestoreCombine-Community */,
				142A49C12A78D24D00D53145 /* FirebaseFirestoreSwift */,
				142A49C32A78D24D00D53145 /* FirebaseFunctions */,
				142A49C52A78D24D00D53145 /* FirebaseFunctionsCombine-Community */,
				142A49C72A78D24D00D53145 /* FirebaseInAppMessaging-Beta */,
				142A49C92A78D24D00D53145 /* FirebaseInAppMessagingSwift-Beta */,
				142A49CB2A78D24D00D53145 /* FirebaseInstallations */,
				142A49CD2A78D24D00D53145 /* FirebaseMLModelDownloader */,
				142A49CF2A78D24D00D53145 /* FirebaseMessaging */,
				142A49D12A78D24D00D53145 /* FirebasePerformance */,
				142A49D32A78D24D00D53145 /* FirebaseRemoteConfig */,
				142A49D52A78D24D00D53145 /* FirebaseRemoteConfigSwift */,
				142A49D72A78D24D00D53145 /* FirebaseStorage */,
				142A49D92A78D24D00D53145 /* FirebaseStorageCombine-Community */,
			);
			productName = instagram;
			productReference = 147D35BD2A77D6A8007E55D4 /* instagram.app */;
			productType = "com.apple.product-type.application";
		};
/* End PBXNativeTarget section */

/* Begin PBXProject section */
		147D35B52A77D6A8007E55D4 /* Project object */ = {
			isa = PBXProject;
			attributes = {
				BuildIndependentTargetsInParallel = 1;
				LastSwiftUpdateCheck = 1430;
				LastUpgradeCheck = 1430;
				TargetAttributes = {
					147D35BC2A77D6A8007E55D4 = {
						CreatedOnToolsVersion = 14.3.1;
					};
				};
			};
			buildConfigurationList = 147D35B82A77D6A8007E55D4 /* Build configuration list for PBXProject "instagram" */;
			compatibilityVersion = "Xcode 14.0";
			developmentRegion = en;
			hasScannedForEncodings = 0;
			knownRegions = (
				en,
				Base,
			);
			mainGroup = 147D35B42A77D6A8007E55D4;
			packageReferences = (
				142A49A42A78D24D00D53145 /* XCRemoteSwiftPackageReference "firebase-ios-sdk" */,
			);
			productRefGroup = 147D35BE2A77D6A8007E55D4 /* Products */;
			projectDirPath = "";
			projectRoot = "";
			targets = (
				147D35BC2A77D6A8007E55D4 /* instagram */,
			);
		};
/* End PBXProject section */

/* Begin PBXResourcesBuildPhase section */
		147D35BB2A77D6A8007E55D4 /* Resources */ = {
			isa = PBXResourcesBuildPhase;
			buildActionMask = 2147483647;
			files = (
				147D35CD2A77D6A8007E55D4 /* LaunchScreen.storyboard in Resources */,
				142A49A32A78CE9C00D53145 /* GoogleService-Info.plist in Resources */,
				147D35CA2A77D6A8007E55D4 /* Assets.xcassets in Resources */,
				147D35C82A77D6A8007E55D4 /* Main.storyboard in Resources */,
			);
			runOnlyForDeploymentPostprocessing = 0;
		};
/* End PBXResourcesBuildPhase section */

/* Begin PBXSourcesBuildPhase section */
		147D35B92A77D6A8007E55D4 /* Sources */ = {
			isa = PBXSourcesBuildPhase;
			buildActionMask = 2147483647;
			files = (
				147D35EC2A77DEE6007E55D4 /* EditProfileViewController.swift in Sources */,
				147D35DB2A77DC93007E55D4 /* ExploreViewController.swift in Sources */,
				147D35F82A77DF91007E55D4 /* PublishPostViewController.swift in Sources */,
				147D35DD2A77DCC7007E55D4 /* CameraViewController.swift in Sources */,
				147D35DF2A77DCDF007E55D4 /* NotificationViewController.swift in Sources */,
				147D35E72A77DDF6007E55D4 /* RegistrationViewController.swift in Sources */,
				147C730A2A84864C0004B756 /* IGFeedPostHeaderTableViewCell.swift in Sources */,
				147D35E92A77DE33007E55D4 /* PostViewController.swift in Sources */,
				14FDBA922A794CA300F596B7 /* StorageManager.swift in Sources */,
				148354A62A89FBE900BE2D0C /* FormTableViewCell.swift in Sources */,
				147D35C52A77D6A8007E55D4 /* HomeViewController.swift in Sources */,
				148354AD2A8A0E6400BE2D0C /* ProfileTabsCollectionReusableView.swift in Sources */,
				143AA0CE2A7A38CA0067A7A8 /* Extension.swift in Sources */,
				14FDBA8C2A794AD900F596B7 /* DatabaseManager.swift in Sources */,
				147C73072A8482F90004B756 /* IGFeedPostTableViewCell.swift in Sources */,
				148354A92A8A0DCC00BE2D0C /* PhotoCollectionViewCell.swift in Sources */,
				147D35F42A77DF33007E55D4 /* SearchResultViewController.swift in Sources */,
				147D35E52A77DDDA007E55D4 /* LoginViewController.swift in Sources */,
				147D35F22A77DF26007E55D4 /* SearchViewController.swift in Sources */,
				147C730E2A8486B80004B756 /* IGFeedPostGeneralTableViewCell.swift in Sources */,
				147D35E12A77DCEF007E55D4 /* ProfileViewController.swift in Sources */,
				148354AB2A8A0E3300BE2D0C /* ProfileInfoHeaderCollectionReusableView.swift in Sources */,
				147D35F62A77DF84007E55D4 /* PostEditerViewController.swift in Sources */,
				14FDBA8E2A794C2D00F596B7 /* AuthManager.swift in Sources */,
				147D35C12A77D6A8007E55D4 /* AppDelegate.swift in Sources */,
				147D35C32A77D6A8007E55D4 /* SceneDelegate.swift in Sources */,
				147C730C2A8486870004B756 /* IGFeedPostActionsTableViewCell.swift in Sources */,
				147D35F02A77DF09007E55D4 /* ListViewController.swift in Sources */,
				147D35EE2A77DEFE007E55D4 /* SettingViewController.swift in Sources */,
			);
			runOnlyForDeploymentPostprocessing = 0;
		};
/* End PBXSourcesBuildPhase section */

/* Begin PBXVariantGroup section */
		147D35C62A77D6A8007E55D4 /* Main.storyboard */ = {
			isa = PBXVariantGroup;
			children = (
				147D35C72A77D6A8007E55D4 /* Base */,
			);
			name = Main.storyboard;
			sourceTree = "<group>";
		};
		147D35CB2A77D6A8007E55D4 /* LaunchScreen.storyboard */ = {
			isa = PBXVariantGroup;
			children = (
				147D35CC2A77D6A8007E55D4 /* Base */,
			);
			name = LaunchScreen.storyboard;
			sourceTree = "<group>";
		};
/* End PBXVariantGroup section */

/* Begin XCBuildConfiguration section */
		147D35CF2A77D6A8007E55D4 /* Debug */ = {
			isa = XCBuildConfiguration;
			buildSettings = {
				ALWAYS_SEARCH_USER_PATHS = NO;
				CLANG_ANALYZER_NONNULL = YES;
				CLANG_ANALYZER_NUMBER_OBJECT_CONVERSION = YES_AGGRESSIVE;
				CLANG_CXX_LANGUAGE_STANDARD = "gnu++20";
				CLANG_ENABLE_MODULES = YES;
				CLANG_ENABLE_OBJC_ARC = YES;
				CLANG_ENABLE_OBJC_WEAK = YES;
				CLANG_WARN_BLOCK_CAPTURE_AUTORELEASING = YES;
				CLANG_WARN_BOOL_CONVERSION = YES;
				CLANG_WARN_COMMA = YES;
				CLANG_WARN_CONSTANT_CONVERSION = YES;
				CLANG_WARN_DEPRECATED_OBJC_IMPLEMENTATIONS = YES;
				CLANG_WARN_DIRECT_OBJC_ISA_USAGE = YES_ERROR;
				CLANG_WARN_DOCUMENTATION_COMMENTS = YES;
				CLANG_WARN_EMPTY_BODY = YES;
				CLANG_WARN_ENUM_CONVERSION = YES;
				CLANG_WARN_INFINITE_RECURSION = YES;
				CLANG_WARN_INT_CONVERSION = YES;
				CLANG_WARN_NON_LITERAL_NULL_CONVERSION = YES;
				CLANG_WARN_OBJC_IMPLICIT_RETAIN_SELF = YES;
				CLANG_WARN_OBJC_LITERAL_CONVERSION = YES;
				CLANG_WARN_OBJC_ROOT_CLASS = YES_ERROR;
				CLANG_WARN_QUOTED_INCLUDE_IN_FRAMEWORK_HEADER = YES;
				CLANG_WARN_RANGE_LOOP_ANALYSIS = YES;
				CLANG_WARN_STRICT_PROTOTYPES = YES;
				CLANG_WARN_SUSPICIOUS_MOVE = YES;
				CLANG_WARN_UNGUARDED_AVAILABILITY = YES_AGGRESSIVE;
				CLANG_WARN_UNREACHABLE_CODE = YES;
				CLANG_WARN__DUPLICATE_METHOD_MATCH = YES;
				COPY_PHASE_STRIP = NO;
				DEBUG_INFORMATION_FORMAT = dwarf;
				ENABLE_STRICT_OBJC_MSGSEND = YES;
				ENABLE_TESTABILITY = YES;
				GCC_C_LANGUAGE_STANDARD = gnu11;
				GCC_DYNAMIC_NO_PIC = NO;
				GCC_NO_COMMON_BLOCKS = YES;
				GCC_OPTIMIZATION_LEVEL = 0;
				GCC_PREPROCESSOR_DEFINITIONS = (
					"DEBUG=1",
					"$(inherited)",
				);
				GCC_WARN_64_TO_32_BIT_CONVERSION = YES;
				GCC_WARN_ABOUT_RETURN_TYPE = YES_ERROR;
				GCC_WARN_UNDECLARED_SELECTOR = YES;
				GCC_WARN_UNINITIALIZED_AUTOS = YES_AGGRESSIVE;
				GCC_WARN_UNUSED_FUNCTION = YES;
				GCC_WARN_UNUSED_VARIABLE = YES;
				IPHONEOS_DEPLOYMENT_TARGET = 16.4;
				MTL_ENABLE_DEBUG_INFO = INCLUDE_SOURCE;
				MTL_FAST_MATH = YES;
				ONLY_ACTIVE_ARCH = YES;
				SDKROOT = iphoneos;
				SWIFT_ACTIVE_COMPILATION_CONDITIONS = DEBUG;
				SWIFT_OPTIMIZATION_LEVEL = "-Onone";
			};
			name = Debug;
		};
		147D35D02A77D6A8007E55D4 /* Release */ = {
			isa = XCBuildConfiguration;
			buildSettings = {
				ALWAYS_SEARCH_USER_PATHS = NO;
				CLANG_ANALYZER_NONNULL = YES;
				CLANG_ANALYZER_NUMBER_OBJECT_CONVERSION = YES_AGGRESSIVE;
				CLANG_CXX_LANGUAGE_STANDARD = "gnu++20";
				CLANG_ENABLE_MODULES = YES;
				CLANG_ENABLE_OBJC_ARC = YES;
				CLANG_ENABLE_OBJC_WEAK = YES;
				CLANG_WARN_BLOCK_CAPTURE_AUTORELEASING = YES;
				CLANG_WARN_BOOL_CONVERSION = YES;
				CLANG_WARN_COMMA = YES;
				CLANG_WARN_CONSTANT_CONVERSION = YES;
				CLANG_WARN_DEPRECATED_OBJC_IMPLEMENTATIONS = YES;
				CLANG_WARN_DIRECT_OBJC_ISA_USAGE = YES_ERROR;
				CLANG_WARN_DOCUMENTATION_COMMENTS = YES;
				CLANG_WARN_EMPTY_BODY = YES;
				CLANG_WARN_ENUM_CONVERSION = YES;
				CLANG_WARN_INFINITE_RECURSION = YES;
				CLANG_WARN_INT_CONVERSION = YES;
				CLANG_WARN_NON_LITERAL_NULL_CONVERSION = YES;
				CLANG_WARN_OBJC_IMPLICIT_RETAIN_SELF = YES;
				CLANG_WARN_OBJC_LITERAL_CONVERSION = YES;
				CLANG_WARN_OBJC_ROOT_CLASS = YES_ERROR;
				CLANG_WARN_QUOTED_INCLUDE_IN_FRAMEWORK_HEADER = YES;
				CLANG_WARN_RANGE_LOOP_ANALYSIS = YES;
				CLANG_WARN_STRICT_PROTOTYPES = YES;
				CLANG_WARN_SUSPICIOUS_MOVE = YES;
				CLANG_WARN_UNGUARDED_AVAILABILITY = YES_AGGRESSIVE;
				CLANG_WARN_UNREACHABLE_CODE = YES;
				CLANG_WARN__DUPLICATE_METHOD_MATCH = YES;
				COPY_PHASE_STRIP = NO;
				DEBUG_INFORMATION_FORMAT = "dwarf-with-dsym";
				ENABLE_NS_ASSERTIONS = NO;
				ENABLE_STRICT_OBJC_MSGSEND = YES;
				GCC_C_LANGUAGE_STANDARD = gnu11;
				GCC_NO_COMMON_BLOCKS = YES;
				GCC_WARN_64_TO_32_BIT_CONVERSION = YES;
				GCC_WARN_ABOUT_RETURN_TYPE = YES_ERROR;
				GCC_WARN_UNDECLARED_SELECTOR = YES;
				GCC_WARN_UNINITIALIZED_AUTOS = YES_AGGRESSIVE;
				GCC_WARN_UNUSED_FUNCTION = YES;
				GCC_WARN_UNUSED_VARIABLE = YES;
				IPHONEOS_DEPLOYMENT_TARGET = 16.4;
				MTL_ENABLE_DEBUG_INFO = NO;
				MTL_FAST_MATH = YES;
				SDKROOT = iphoneos;
				SWIFT_COMPILATION_MODE = wholemodule;
				SWIFT_OPTIMIZATION_LEVEL = "-O";
				VALIDATE_PRODUCT = YES;
			};
			name = Release;
		};
		147D35D22A77D6A8007E55D4 /* Debug */ = {
			isa = XCBuildConfiguration;
			buildSettings = {
				ASSETCATALOG_COMPILER_APPICON_NAME = AppIcon;
				ASSETCATALOG_COMPILER_GLOBAL_ACCENT_COLOR_NAME = AccentColor;
				CODE_SIGN_STYLE = Automatic;
				CURRENT_PROJECT_VERSION = 1;
				GENERATE_INFOPLIST_FILE = YES;
				INFOPLIST_FILE = instagram/Info.plist;
				INFOPLIST_KEY_UIApplicationSupportsIndirectInputEvents = YES;
				INFOPLIST_KEY_UILaunchStoryboardName = LaunchScreen;
				INFOPLIST_KEY_UIMainStoryboardFile = Main;
				INFOPLIST_KEY_UISupportedInterfaceOrientations = UIInterfaceOrientationPortrait;
				IPHONEOS_DEPLOYMENT_TARGET = 13.0;
				LD_RUNPATH_SEARCH_PATHS = (
					"$(inherited)",
					"@executable_path/Frameworks",
				);
				MARKETING_VERSION = 1.0;
				PRODUCT_BUNDLE_IDENTIFIER = roman.instagram;
				PRODUCT_NAME = "$(TARGET_NAME)";
				SWIFT_EMIT_LOC_STRINGS = YES;
				SWIFT_VERSION = 5.0;
				TARGETED_DEVICE_FAMILY = "1,2";
			};
			name = Debug;
		};
		147D35D32A77D6A8007E55D4 /* Release */ = {
			isa = XCBuildConfiguration;
			buildSettings = {
				ASSETCATALOG_COMPILER_APPICON_NAME = AppIcon;
				ASSETCATALOG_COMPILER_GLOBAL_ACCENT_COLOR_NAME = AccentColor;
				CODE_SIGN_STYLE = Automatic;
				CURRENT_PROJECT_VERSION = 1;
				GENERATE_INFOPLIST_FILE = YES;
				INFOPLIST_FILE = instagram/Info.plist;
				INFOPLIST_KEY_UIApplicationSupportsIndirectInputEvents = YES;
				INFOPLIST_KEY_UILaunchStoryboardName = LaunchScreen;
				INFOPLIST_KEY_UIMainStoryboardFile = Main;
				INFOPLIST_KEY_UISupportedInterfaceOrientations = UIInterfaceOrientationPortrait;
				IPHONEOS_DEPLOYMENT_TARGET = 13.0;
				LD_RUNPATH_SEARCH_PATHS = (
					"$(inherited)",
					"@executable_path/Frameworks",
				);
				MARKETING_VERSION = 1.0;
				PRODUCT_BUNDLE_IDENTIFIER = roman.instagram;
				PRODUCT_NAME = "$(TARGET_NAME)";
				SWIFT_EMIT_LOC_STRINGS = YES;
				SWIFT_VERSION = 5.0;
				TARGETED_DEVICE_FAMILY = "1,2";
			};
			name = Release;
		};
/* End XCBuildConfiguration section */

/* Begin XCConfigurationList section */
		147D35B82A77D6A8007E55D4 /* Build configuration list for PBXProject "instagram" */ = {
			isa = XCConfigurationList;
			buildConfigurations = (
				147D35CF2A77D6A8007E55D4 /* Debug */,
				147D35D02A77D6A8007E55D4 /* Release */,
			);
			defaultConfigurationIsVisible = 0;
			defaultConfigurationName = Release;
		};
		147D35D12A77D6A8007E55D4 /* Build configuration list for PBXNativeTarget "instagram" */ = {
			isa = XCConfigurationList;
			buildConfigurations = (
				147D35D22A77D6A8007E55D4 /* Debug */,
				147D35D32A77D6A8007E55D4 /* Release */,
			);
			defaultConfigurationIsVisible = 0;
			defaultConfigurationName = Release;
		};
/* End XCConfigurationList section */

/* Begin XCRemoteSwiftPackageReference section */
		142A49A42A78D24D00D53145 /* XCRemoteSwiftPackageReference "firebase-ios-sdk" */ = {
			isa = XCRemoteSwiftPackageReference;
			repositoryURL = "https://github.com/firebase/firebase-ios-sdk";
			requirement = {
				kind = upToNextMajorVersion;
				minimumVersion = 10.0.0;
			};
		};
/* End XCRemoteSwiftPackageReference section */

/* Begin XCSwiftPackageProductDependency section */
		142A49A52A78D24D00D53145 /* FirebaseAnalytics */ = {
			isa = XCSwiftPackageProductDependency;
			package = 142A49A42A78D24D00D53145 /* XCRemoteSwiftPackageReference "firebase-ios-sdk" */;
			productName = FirebaseAnalytics;
		};
		142A49A72A78D24D00D53145 /* FirebaseAnalyticsOnDeviceConversion */ = {
			isa = XCSwiftPackageProductDependency;
			package = 142A49A42A78D24D00D53145 /* XCRemoteSwiftPackageReference "firebase-ios-sdk" */;
			productName = FirebaseAnalyticsOnDeviceConversion;
		};
		142A49A92A78D24D00D53145 /* FirebaseAnalyticsSwift */ = {
			isa = XCSwiftPackageProductDependency;
			package = 142A49A42A78D24D00D53145 /* XCRemoteSwiftPackageReference "firebase-ios-sdk" */;
			productName = FirebaseAnalyticsSwift;
		};
		142A49AB2A78D24D00D53145 /* FirebaseAnalyticsWithoutAdIdSupport */ = {
			isa = XCSwiftPackageProductDependency;
			package = 142A49A42A78D24D00D53145 /* XCRemoteSwiftPackageReference "firebase-ios-sdk" */;
			productName = FirebaseAnalyticsWithoutAdIdSupport;
		};
		142A49AD2A78D24D00D53145 /* FirebaseAppCheck */ = {
			isa = XCSwiftPackageProductDependency;
			package = 142A49A42A78D24D00D53145 /* XCRemoteSwiftPackageReference "firebase-ios-sdk" */;
			productName = FirebaseAppCheck;
		};
		142A49AF2A78D24D00D53145 /* FirebaseAppDistribution-Beta */ = {
			isa = XCSwiftPackageProductDependency;
			package = 142A49A42A78D24D00D53145 /* XCRemoteSwiftPackageReference "firebase-ios-sdk" */;
			productName = "FirebaseAppDistribution-Beta";
		};
		142A49B12A78D24D00D53145 /* FirebaseAuth */ = {
			isa = XCSwiftPackageProductDependency;
			package = 142A49A42A78D24D00D53145 /* XCRemoteSwiftPackageReference "firebase-ios-sdk" */;
			productName = FirebaseAuth;
		};
		142A49B32A78D24D00D53145 /* FirebaseAuthCombine-Community */ = {
			isa = XCSwiftPackageProductDependency;
			package = 142A49A42A78D24D00D53145 /* XCRemoteSwiftPackageReference "firebase-ios-sdk" */;
			productName = "FirebaseAuthCombine-Community";
		};
		142A49B52A78D24D00D53145 /* FirebaseCrashlytics */ = {
			isa = XCSwiftPackageProductDependency;
			package = 142A49A42A78D24D00D53145 /* XCRemoteSwiftPackageReference "firebase-ios-sdk" */;
			productName = FirebaseCrashlytics;
		};
		142A49B72A78D24D00D53145 /* FirebaseDatabase */ = {
			isa = XCSwiftPackageProductDependency;
			package = 142A49A42A78D24D00D53145 /* XCRemoteSwiftPackageReference "firebase-ios-sdk" */;
			productName = FirebaseDatabase;
		};
		142A49B92A78D24D00D53145 /* FirebaseDatabaseSwift */ = {
			isa = XCSwiftPackageProductDependency;
			package = 142A49A42A78D24D00D53145 /* XCRemoteSwiftPackageReference "firebase-ios-sdk" */;
			productName = FirebaseDatabaseSwift;
		};
		142A49BB2A78D24D00D53145 /* FirebaseDynamicLinks */ = {
			isa = XCSwiftPackageProductDependency;
			package = 142A49A42A78D24D00D53145 /* XCRemoteSwiftPackageReference "firebase-ios-sdk" */;
			productName = FirebaseDynamicLinks;
		};
		142A49BD2A78D24D00D53145 /* FirebaseFirestore */ = {
			isa = XCSwiftPackageProductDependency;
			package = 142A49A42A78D24D00D53145 /* XCRemoteSwiftPackageReference "firebase-ios-sdk" */;
			productName = FirebaseFirestore;
		};
		142A49BF2A78D24D00D53145 /* FirebaseFirestoreCombine-Community */ = {
			isa = XCSwiftPackageProductDependency;
			package = 142A49A42A78D24D00D53145 /* XCRemoteSwiftPackageReference "firebase-ios-sdk" */;
			productName = "FirebaseFirestoreCombine-Community";
		};
		142A49C12A78D24D00D53145 /* FirebaseFirestoreSwift */ = {
			isa = XCSwiftPackageProductDependency;
			package = 142A49A42A78D24D00D53145 /* XCRemoteSwiftPackageReference "firebase-ios-sdk" */;
			productName = FirebaseFirestoreSwift;
		};
		142A49C32A78D24D00D53145 /* FirebaseFunctions */ = {
			isa = XCSwiftPackageProductDependency;
			package = 142A49A42A78D24D00D53145 /* XCRemoteSwiftPackageReference "firebase-ios-sdk" */;
			productName = FirebaseFunctions;
		};
		142A49C52A78D24D00D53145 /* FirebaseFunctionsCombine-Community */ = {
			isa = XCSwiftPackageProductDependency;
			package = 142A49A42A78D24D00D53145 /* XCRemoteSwiftPackageReference "firebase-ios-sdk" */;
			productName = "FirebaseFunctionsCombine-Community";
		};
		142A49C72A78D24D00D53145 /* FirebaseInAppMessaging-Beta */ = {
			isa = XCSwiftPackageProductDependency;
			package = 142A49A42A78D24D00D53145 /* XCRemoteSwiftPackageReference "firebase-ios-sdk" */;
			productName = "FirebaseInAppMessaging-Beta";
		};
		142A49C92A78D24D00D53145 /* FirebaseInAppMessagingSwift-Beta */ = {
			isa = XCSwiftPackageProductDependency;
			package = 142A49A42A78D24D00D53145 /* XCRemoteSwiftPackageReference "firebase-ios-sdk" */;
			productName = "FirebaseInAppMessagingSwift-Beta";
		};
		142A49CB2A78D24D00D53145 /* FirebaseInstallations */ = {
			isa = XCSwiftPackageProductDependency;
			package = 142A49A42A78D24D00D53145 /* XCRemoteSwiftPackageReference "firebase-ios-sdk" */;
			productName = FirebaseInstallations;
		};
		142A49CD2A78D24D00D53145 /* FirebaseMLModelDownloader */ = {
			isa = XCSwiftPackageProductDependency;
			package = 142A49A42A78D24D00D53145 /* XCRemoteSwiftPackageReference "firebase-ios-sdk" */;
			productName = FirebaseMLModelDownloader;
		};
		142A49CF2A78D24D00D53145 /* FirebaseMessaging */ = {
			isa = XCSwiftPackageProductDependency;
			package = 142A49A42A78D24D00D53145 /* XCRemoteSwiftPackageReference "firebase-ios-sdk" */;
			productName = FirebaseMessaging;
		};
		142A49D12A78D24D00D53145 /* FirebasePerformance */ = {
			isa = XCSwiftPackageProductDependency;
			package = 142A49A42A78D24D00D53145 /* XCRemoteSwiftPackageReference "firebase-ios-sdk" */;
			productName = FirebasePerformance;
		};
		142A49D32A78D24D00D53145 /* FirebaseRemoteConfig */ = {
			isa = XCSwiftPackageProductDependency;
			package = 142A49A42A78D24D00D53145 /* XCRemoteSwiftPackageReference "firebase-ios-sdk" */;
			productName = FirebaseRemoteConfig;
		};
		142A49D52A78D24D00D53145 /* FirebaseRemoteConfigSwift */ = {
			isa = XCSwiftPackageProductDependency;
			package = 142A49A42A78D24D00D53145 /* XCRemoteSwiftPackageReference "firebase-ios-sdk" */;
			productName = FirebaseRemoteConfigSwift;
		};
		142A49D72A78D24D00D53145 /* FirebaseStorage */ = {
			isa = XCSwiftPackageProductDependency;
			package = 142A49A42A78D24D00D53145 /* XCRemoteSwiftPackageReference "firebase-ios-sdk" */;
			productName = FirebaseStorage;
		};
		142A49D92A78D24D00D53145 /* FirebaseStorageCombine-Community */ = {
			isa = XCSwiftPackageProductDependency;
			package = 142A49A42A78D24D00D53145 /* XCRemoteSwiftPackageReference "firebase-ios-sdk" */;
			productName = "FirebaseStorageCombine-Community";
		};
/* End XCSwiftPackageProductDependency section */
	};
	rootObject = 147D35B52A77D6A8007E55D4 /* Project object */;
}
